<?xml version="1.0" encoding="UTF-8" standalone="yes" ?>
<CodeBlocks_project_file>
	<FileVersion major="1" minor="6" />
	<Project>
		<Option title="Minesweeper2016_CSED20&apos;s Version" />
		<Option pch_mode="2" />
		<Option compiler="gcc" />
		<Build>
			<Target title="Debug">
				<Option output="bin/Debug/Minesweeper2016_CSED20&apos;s Version" prefix_auto="1" extension_auto="1" />
				<Option object_output="obj/Debug/" />
				<Option type="1" />
				<Option compiler="gcc" />
				<Compiler>
					<Add option="-g" />
				</Compiler>
			</Target>
			<Target title="Release">
				<Option output="bin/Release/Minesweeper2016_CSED20&apos;s Version" prefix_auto="1" extension_auto="1" />
				<Option object_output="obj/Release/" />
				<Option type="1" />
				<Option compiler="gcc" />
				<Compiler>
					<Add option="-O2" />
				</Compiler>
				<Linker>
					<Add option="-s" />
				</Linker>
			</Target>
		</Build>
		<Compiler>
			<Add option="-Wall" />
		</Compiler>
		<Unit filename="Grid.h" />
		<Unit filename="Leaderboard.h" />
		<Unit filename="action.h" />
		<Unit filename="check name.h" />
		<Unit filename="display.h" />
		<Unit filename="distributemines.h" />
		<Unit filename="exit.h" />
		<Unit filename="initialization.h" />
		<Unit filename="leaderboard_list.h" />
		<Unit filename="load.h" />
		<Unit filename="lose.h" />
		<Unit filename="main.c">
			<Option compilerVar="CC" />
		</Unit>
		<Unit filename="open1.h" />
		<Unit filename="open2.h" />
		<Unit filename="play.h" />
		<Unit filename="row column.h" />
		<Unit filename="save.h" />
		<Unit filename="username.h" />
		<Unit filename="win.h" />
		<Extensions>
			<code_completion />
			<envvars />
			<debugger />
		</Extensions>
	</Project>
</CodeBlocks_project_file>
